
Microsoft Visual Studio Solution File, Format Version 12.00
# Visual Studio Version 17
VisualStudioVersion = 17.14.36414.22 d17.14
MinimumVisualStudioVersion = 10.0.40219.1
Project("{FAE04EC0-301F-11D3-BF4B-00C04F79EFBC}") = "StudyPractice1", "StudyPractice1.csproj", "{A5943799-7A90-45D7-8D07-F51741B1E86B}"
EndProject
Global
	GlobalSection(SolutionConfigurationPlatforms) = preSolution
		Debug|Any CPU = Debug|Any CPU
		Release|Any CPU = Release|Any CPU
	EndGlobalSection
	GlobalSection(ProjectConfigurationPlatforms) = postSolution
		{A5943799-7A90-45D7-8D07-F51741B1E86B}.Debug|Any CPU.ActiveCfg = Debug|Any CPU
		{A5943799-7A90-45D7-8D07-F51741B1E86B}.Debug|Any CPU.Build.0 = Debug|Any CPU
		{A5943799-7A90-45D7-8D07-F51741B1E86B}.Release|Any CPU.ActiveCfg = Release|Any CPU
		{A5943799-7A90-45D7-8D07-F51741B1E86B}.Release|Any CPU.Build.0 = Release|Any CPU
	EndGlobalSection
	GlobalSection(SolutionProperties) = preSolution
		HideSolutionNode = FALSE
	EndGlobalSection
	GlobalSection(ExtensibilityGlobals) = postSolution
		SolutionGuid = {17C24265-7576-4EB0-BD8D-F0428CD72B23}
	EndGlobalSection
EndGlobal
