
Microsoft Visual Studio Solution File, Format Version 12.00
# Visual Studio Version 17
VisualStudioVersion = 17.14.36414.22 d17.14
MinimumVisualStudioVersion = 10.0.40219.1
Project("{FAE04EC0-301F-11D3-BF4B-00C04F79EFBC}") = "Students_Program", "Students_Program.csproj", "{A791B33A-CF3D-48CD-A1CD-BE55ACEB0153}"
EndProject
Global
	GlobalSection(SolutionConfigurationPlatforms) = preSolution
		Debug|Any CPU = Debug|Any CPU
		Release|Any CPU = Release|Any CPU
	EndGlobalSection
	GlobalSection(ProjectConfigurationPlatforms) = postSolution
		{A791B33A-CF3D-48CD-A1CD-BE55ACEB0153}.Debug|Any CPU.ActiveCfg = Debug|Any CPU
		{A791B33A-CF3D-48CD-A1CD-BE55ACEB0153}.Debug|Any CPU.Build.0 = Debug|Any CPU
		{A791B33A-CF3D-48CD-A1CD-BE55ACEB0153}.Release|Any CPU.ActiveCfg = Release|Any CPU
		{A791B33A-CF3D-48CD-A1CD-BE55ACEB0153}.Release|Any CPU.Build.0 = Release|Any CPU
	EndGlobalSection
	GlobalSection(SolutionProperties) = preSolution
		HideSolutionNode = FALSE
	EndGlobalSection
	GlobalSection(ExtensibilityGlobals) = postSolution
		SolutionGuid = {DF4BDD84-9CAE-4249-8B36-77F2FA1A362D}
	EndGlobalSection
EndGlobal
