
Microsoft Visual Studio Solution File, Format Version 12.00
# Visual Studio Version 17
VisualStudioVersion = 17.14.36414.22 d17.14
MinimumVisualStudioVersion = 10.0.40219.1
Project("{FAE04EC0-301F-11D3-BF4B-00C04F79EFBC}") = "IF_Multiple_Grades_Evaluation", "IF_Multiple_Grades_Evaluation.csproj", "{C14FA539-7786-488C-8628-6CB569D7324C}"
EndProject
Global
	GlobalSection(SolutionConfigurationPlatforms) = preSolution
		Debug|Any CPU = Debug|Any CPU
		Release|Any CPU = Release|Any CPU
	EndGlobalSection
	GlobalSection(ProjectConfigurationPlatforms) = postSolution
		{C14FA539-7786-488C-8628-6CB569D7324C}.Debug|Any CPU.ActiveCfg = Debug|Any CPU
		{C14FA539-7786-488C-8628-6CB569D7324C}.Debug|Any CPU.Build.0 = Debug|Any CPU
		{C14FA539-7786-488C-8628-6CB569D7324C}.Release|Any CPU.ActiveCfg = Release|Any CPU
		{C14FA539-7786-488C-8628-6CB569D7324C}.Release|Any CPU.Build.0 = Release|Any CPU
	EndGlobalSection
	GlobalSection(SolutionProperties) = preSolution
		HideSolutionNode = FALSE
	EndGlobalSection
	GlobalSection(ExtensibilityGlobals) = postSolution
		SolutionGuid = {B53C389C-B78F-478C-A166-AC20F4701F74}
	EndGlobalSection
EndGlobal
