
Microsoft Visual Studio Solution File, Format Version 12.00
# Visual Studio Version 17
VisualStudioVersion = 17.14.36414.22 d17.14
MinimumVisualStudioVersion = 10.0.40219.1
Project("{FAE04EC0-301F-11D3-BF4B-00C04F79EFBC}") = "In class practice", "In class practice.csproj", "{BA3F6D7C-8F46-499A-9D58-082EACE1EF59}"
EndProject
Global
	GlobalSection(SolutionConfigurationPlatforms) = preSolution
		Debug|Any CPU = Debug|Any CPU
		Release|Any CPU = Release|Any CPU
	EndGlobalSection
	GlobalSection(ProjectConfigurationPlatforms) = postSolution
		{BA3F6D7C-8F46-499A-9D58-082EACE1EF59}.Debug|Any CPU.ActiveCfg = Debug|Any CPU
		{BA3F6D7C-8F46-499A-9D58-082EACE1EF59}.Debug|Any CPU.Build.0 = Debug|Any CPU
		{BA3F6D7C-8F46-499A-9D58-082EACE1EF59}.Release|Any CPU.ActiveCfg = Release|Any CPU
		{BA3F6D7C-8F46-499A-9D58-082EACE1EF59}.Release|Any CPU.Build.0 = Release|Any CPU
	EndGlobalSection
	GlobalSection(SolutionProperties) = preSolution
		HideSolutionNode = FALSE
	EndGlobalSection
	GlobalSection(ExtensibilityGlobals) = postSolution
		SolutionGuid = {083EEA92-5A06-42D4-8451-7AC9DD233F42}
	EndGlobalSection
EndGlobal
