
Microsoft Visual Studio Solution File, Format Version 12.00
# Visual Studio Version 17
VisualStudioVersion = 17.14.36414.22 d17.14
MinimumVisualStudioVersion = 10.0.40219.1
Project("{FAE04EC0-301F-11D3-BF4B-00C04F79EFBC}") = "In_Class_Task5", "In_Class_Task5.csproj", "{23D00613-48A2-46C7-96CB-C0085A38E625}"
EndProject
Global
	GlobalSection(SolutionConfigurationPlatforms) = preSolution
		Debug|Any CPU = Debug|Any CPU
		Release|Any CPU = Release|Any CPU
	EndGlobalSection
	GlobalSection(ProjectConfigurationPlatforms) = postSolution
		{23D00613-48A2-46C7-96CB-C0085A38E625}.Debug|Any CPU.ActiveCfg = Debug|Any CPU
		{23D00613-48A2-46C7-96CB-C0085A38E625}.Debug|Any CPU.Build.0 = Debug|Any CPU
		{23D00613-48A2-46C7-96CB-C0085A38E625}.Release|Any CPU.ActiveCfg = Release|Any CPU
		{23D00613-48A2-46C7-96CB-C0085A38E625}.Release|Any CPU.Build.0 = Release|Any CPU
	EndGlobalSection
	GlobalSection(SolutionProperties) = preSolution
		HideSolutionNode = FALSE
	EndGlobalSection
	GlobalSection(ExtensibilityGlobals) = postSolution
		SolutionGuid = {75C11555-79A5-446C-B25A-85E5657ED940}
	EndGlobalSection
EndGlobal
