
Microsoft Visual Studio Solution File, Format Version 12.00
# Visual Studio Version 17
VisualStudioVersion = 17.14.36414.22 d17.14
MinimumVisualStudioVersion = 10.0.40219.1
Project("{FAE04EC0-301F-11D3-BF4B-00C04F79EFBC}") = "In_Class", "In_Class.csproj", "{EBCC703C-313E-4A55-BDCA-2350D694B1CD}"
EndProject
Global
	GlobalSection(SolutionConfigurationPlatforms) = preSolution
		Debug|Any CPU = Debug|Any CPU
		Release|Any CPU = Release|Any CPU
	EndGlobalSection
	GlobalSection(ProjectConfigurationPlatforms) = postSolution
		{EBCC703C-313E-4A55-BDCA-2350D694B1CD}.Debug|Any CPU.ActiveCfg = Debug|Any CPU
		{EBCC703C-313E-4A55-BDCA-2350D694B1CD}.Debug|Any CPU.Build.0 = Debug|Any CPU
		{EBCC703C-313E-4A55-BDCA-2350D694B1CD}.Release|Any CPU.ActiveCfg = Release|Any CPU
		{EBCC703C-313E-4A55-BDCA-2350D694B1CD}.Release|Any CPU.Build.0 = Release|Any CPU
	EndGlobalSection
	GlobalSection(SolutionProperties) = preSolution
		HideSolutionNode = FALSE
	EndGlobalSection
	GlobalSection(ExtensibilityGlobals) = postSolution
		SolutionGuid = {79CE380C-DE03-4335-A5FA-BFA48F65BD0F}
	EndGlobalSection
EndGlobal
