
Microsoft Visual Studio Solution File, Format Version 12.00
# Visual Studio Version 17
VisualStudioVersion = 17.14.36414.22 d17.14
MinimumVisualStudioVersion = 10.0.40219.1
Project("{FAE04EC0-301F-11D3-BF4B-00C04F79EFBC}") = "IF_Simple_Grade", "IF_Simple_Grade.csproj", "{9627135E-954E-487A-B007-4676C3C6DD03}"
EndProject
Global
	GlobalSection(SolutionConfigurationPlatforms) = preSolution
		Debug|Any CPU = Debug|Any CPU
		Release|Any CPU = Release|Any CPU
	EndGlobalSection
	GlobalSection(ProjectConfigurationPlatforms) = postSolution
		{9627135E-954E-487A-B007-4676C3C6DD03}.Debug|Any CPU.ActiveCfg = Debug|Any CPU
		{9627135E-954E-487A-B007-4676C3C6DD03}.Debug|Any CPU.Build.0 = Debug|Any CPU
		{9627135E-954E-487A-B007-4676C3C6DD03}.Release|Any CPU.ActiveCfg = Release|Any CPU
		{9627135E-954E-487A-B007-4676C3C6DD03}.Release|Any CPU.Build.0 = Release|Any CPU
	EndGlobalSection
	GlobalSection(SolutionProperties) = preSolution
		HideSolutionNode = FALSE
	EndGlobalSection
	GlobalSection(ExtensibilityGlobals) = postSolution
		SolutionGuid = {AA6AF40E-7BB5-4037-B164-BDA5FE6B678A}
	EndGlobalSection
EndGlobal
