
Microsoft Visual Studio Solution File, Format Version 12.00
# Visual Studio Version 17
VisualStudioVersion = 17.14.36414.22 d17.14
MinimumVisualStudioVersion = 10.0.40219.1
Project("{FAE04EC0-301F-11D3-BF4B-00C04F79EFBC}") = "Practice1", "Practice1.csproj", "{FB793BCB-8D04-4364-8B9A-F1A6E1AA5F88}"
EndProject
Global
	GlobalSection(SolutionConfigurationPlatforms) = preSolution
		Debug|Any CPU = Debug|Any CPU
		Release|Any CPU = Release|Any CPU
	EndGlobalSection
	GlobalSection(ProjectConfigurationPlatforms) = postSolution
		{FB793BCB-8D04-4364-8B9A-F1A6E1AA5F88}.Debug|Any CPU.ActiveCfg = Debug|Any CPU
		{FB793BCB-8D04-4364-8B9A-F1A6E1AA5F88}.Debug|Any CPU.Build.0 = Debug|Any CPU
		{FB793BCB-8D04-4364-8B9A-F1A6E1AA5F88}.Release|Any CPU.ActiveCfg = Release|Any CPU
		{FB793BCB-8D04-4364-8B9A-F1A6E1AA5F88}.Release|Any CPU.Build.0 = Release|Any CPU
	EndGlobalSection
	GlobalSection(SolutionProperties) = preSolution
		HideSolutionNode = FALSE
	EndGlobalSection
	GlobalSection(ExtensibilityGlobals) = postSolution
		SolutionGuid = {B1311E32-FA7E-4C94-B2B2-D9A1BEF670F2}
	EndGlobalSection
EndGlobal
