
Microsoft Visual Studio Solution File, Format Version 12.00
# Visual Studio Version 17
VisualStudioVersion = 17.14.36414.22 d17.14
MinimumVisualStudioVersion = 10.0.40219.1
Project("{FAE04EC0-301F-11D3-BF4B-00C04F79EFBC}") = "CH2 Practice", "CH2 Practice.csproj", "{C6005332-E152-481F-BC89-EA876CC0C74D}"
EndProject
Global
	GlobalSection(SolutionConfigurationPlatforms) = preSolution
		Debug|Any CPU = Debug|Any CPU
		Release|Any CPU = Release|Any CPU
	EndGlobalSection
	GlobalSection(ProjectConfigurationPlatforms) = postSolution
		{C6005332-E152-481F-BC89-EA876CC0C74D}.Debug|Any CPU.ActiveCfg = Debug|Any CPU
		{C6005332-E152-481F-BC89-EA876CC0C74D}.Debug|Any CPU.Build.0 = Debug|Any CPU
		{C6005332-E152-481F-BC89-EA876CC0C74D}.Release|Any CPU.ActiveCfg = Release|Any CPU
		{C6005332-E152-481F-BC89-EA876CC0C74D}.Release|Any CPU.Build.0 = Release|Any CPU
	EndGlobalSection
	GlobalSection(SolutionProperties) = preSolution
		HideSolutionNode = FALSE
	EndGlobalSection
	GlobalSection(ExtensibilityGlobals) = postSolution
		SolutionGuid = {1F9CB734-D63A-4D0C-BB6A-02D70AE6B867}
	EndGlobalSection
EndGlobal
